
Microsoft Visual Studio Solution File, Format Version 12.00
# Visual Studio Version 16
VisualStudioVersion = 16.0.29424.173
MinimumVisualStudioVersion = 10.0.40219.1
Project("{FAE04EC0-301F-11D3-BF4B-00C04F79EFBC}") = "SWP-TV-Projekt", "SWP-TV-Projekt\SWP-TV-Projekt.csproj", "{DF382744-4A18-4209-809E-BD1E1C67DB12}"
EndProject
Project("{2150E333-8FDC-42A3-9474-1A3956D46DE8}") = "Solution Items", "Solution Items", "{D9827B3D-F771-4292-BE3E-33AB212E5C47}"
	ProjectSection(SolutionItems) = preProject
		.editorconfig = .editorconfig
	EndProjectSection
EndProject
Global
	GlobalSection(SolutionConfigurationPlatforms) = preSolution
		Debug|Any CPU = Debug|Any CPU
		Debug|x64 = Debug|x64
		Release|Any CPU = Release|Any CPU
		Release|x64 = Release|x64
	EndGlobalSection
	GlobalSection(ProjectConfigurationPlatforms) = postSolution
		{DF382744-4A18-4209-809E-BD1E1C67DB12}.Debug|Any CPU.ActiveCfg = Debug|Any CPU
		{DF382744-4A18-4209-809E-BD1E1C67DB12}.Debug|Any CPU.Build.0 = Debug|Any CPU
		{DF382744-4A18-4209-809E-BD1E1C67DB12}.Debug|x64.ActiveCfg = Debug|x64
		{DF382744-4A18-4209-809E-BD1E1C67DB12}.Debug|x64.Build.0 = Debug|x64
		{DF382744-4A18-4209-809E-BD1E1C67DB12}.Release|Any CPU.ActiveCfg = Release|Any CPU
		{DF382744-4A18-4209-809E-BD1E1C67DB12}.Release|Any CPU.Build.0 = Release|Any CPU
		{DF382744-4A18-4209-809E-BD1E1C67DB12}.Release|x64.ActiveCfg = Release|x64
		{DF382744-4A18-4209-809E-BD1E1C67DB12}.Release|x64.Build.0 = Release|x64
	EndGlobalSection
	GlobalSection(SolutionProperties) = preSolution
		HideSolutionNode = FALSE
	EndGlobalSection
	GlobalSection(ExtensibilityGlobals) = postSolution
		SolutionGuid = {54C1377A-2980-4294-9CC7-7BC7C77EBF22}
	EndGlobalSection
EndGlobal
